
Microsoft Visual Studio Solution File, Format Version 12.00
# Visual Studio Version 17
VisualStudioVersion = 17.9.34728.123
MinimumVisualStudioVersion = 10.0.40219.1
Project("{9A19103F-16F7-4668-BE54-9A1E7A4F7556}") = "RazorPezzeria", "RazorPezzeria\RazorPezzeria.csproj", "{41970E1C-442F-46A2-BDC7-1DEF17D3CC40}"
EndProject
Global
	GlobalSection(SolutionConfigurationPlatforms) = preSolution
		Debug|Any CPU = Debug|Any CPU
		Release|Any CPU = Release|Any CPU
	EndGlobalSection
	GlobalSection(ProjectConfigurationPlatforms) = postSolution
		{41970E1C-442F-46A2-BDC7-1DEF17D3CC40}.Debug|Any CPU.ActiveCfg = Debug|Any CPU
		{41970E1C-442F-46A2-BDC7-1DEF17D3CC40}.Debug|Any CPU.Build.0 = Debug|Any CPU
		{41970E1C-442F-46A2-BDC7-1DEF17D3CC40}.Release|Any CPU.ActiveCfg = Release|Any CPU
		{41970E1C-442F-46A2-BDC7-1DEF17D3CC40}.Release|Any CPU.Build.0 = Release|Any CPU
	EndGlobalSection
	GlobalSection(SolutionProperties) = preSolution
		HideSolutionNode = FALSE
	EndGlobalSection
	GlobalSection(ExtensibilityGlobals) = postSolution
		SolutionGuid = {00630A98-A628-4F3F-B0D2-4E25E1A5E289}
	EndGlobalSection
EndGlobal
